
Microsoft Visual Studio Solution File, Format Version 12.00
# Visual Studio Version 16
VisualStudioVersion = 16.0.810.20
MinimumVisualStudioVersion = 10.0.40219.1
Project("{FAE04EC0-301F-11D3-BF4B-00C04F79EFBC}") = "EmployeeWageCompute", "EmployeeWageCompute.csproj", "{25757E0D-5EA6-4516-9313-8ADF936121D3}"
EndProject
Global
	GlobalSection(SolutionConfigurationPlatforms) = preSolution
		Debug|Any CPU = Debug|Any CPU
		Release|Any CPU = Release|Any CPU
	EndGlobalSection
	GlobalSection(ProjectConfigurationPlatforms) = postSolution
		{25757E0D-5EA6-4516-9313-8ADF936121D3}.Debug|Any CPU.ActiveCfg = Debug|Any CPU
		{25757E0D-5EA6-4516-9313-8ADF936121D3}.Debug|Any CPU.Build.0 = Debug|Any CPU
		{25757E0D-5EA6-4516-9313-8ADF936121D3}.Release|Any CPU.ActiveCfg = Release|Any CPU
		{25757E0D-5EA6-4516-9313-8ADF936121D3}.Release|Any CPU.Build.0 = Release|Any CPU
	EndGlobalSection
	GlobalSection(SolutionProperties) = preSolution
		HideSolutionNode = FALSE
	EndGlobalSection
	GlobalSection(ExtensibilityGlobals) = postSolution
		SolutionGuid = {885634EC-6417-4BD9-9C9F-C59F84D22FBF}
	EndGlobalSection
EndGlobal
